
Microsoft Visual Studio Solution File, Format Version 12.00
Project("{FAE04EC0-301F-11D3-BF4B-00C04F79EFBC}") = "Wejsciowka 3", "Wejsciowka 3\Wejsciowka 3.csproj", "{BCB700C7-E9DF-488C-86E5-F53B005F40B4}"
EndProject
Global
	GlobalSection(SolutionConfigurationPlatforms) = preSolution
		Debug|Any CPU = Debug|Any CPU
		Release|Any CPU = Release|Any CPU
	EndGlobalSection
	GlobalSection(ProjectConfigurationPlatforms) = postSolution
		{BCB700C7-E9DF-488C-86E5-F53B005F40B4}.Debug|Any CPU.ActiveCfg = Debug|Any CPU
		{BCB700C7-E9DF-488C-86E5-F53B005F40B4}.Debug|Any CPU.Build.0 = Debug|Any CPU
		{BCB700C7-E9DF-488C-86E5-F53B005F40B4}.Release|Any CPU.ActiveCfg = Release|Any CPU
		{BCB700C7-E9DF-488C-86E5-F53B005F40B4}.Release|Any CPU.Build.0 = Release|Any CPU
	EndGlobalSection
EndGlobal
