
Microsoft Visual Studio Solution File, Format Version 12.00
# Visual Studio Version 17
VisualStudioVersion = 17.8.34330.188
MinimumVisualStudioVersion = 10.0.40219.1
Project("{9A19103F-16F7-4668-BE54-9A1E7A4F7556}") = "Lista2", "Lista2\Lista2.csproj", "{79B9D307-44E9-46CB-8DDF-D90139FBB79A}"
EndProject
Project("{9A19103F-16F7-4668-BE54-9A1E7A4F7556}") = "Wyjątki", "Wyjątki\Wyjątki.csproj", "{23ACF861-2C6D-41AB-B21D-433111419318}"
EndProject
Project("{FAE04EC0-301F-11D3-BF4B-00C04F79EFBC}") = "Ćwiczenie1", "Ćwiczenie1\Ćwiczenie1.csproj", "{4E6967C0-8C99-43FF-822B-603192D60C11}"
EndProject
Project("{FAE04EC0-301F-11D3-BF4B-00C04F79EFBC}") = "Lista2.1", "Lista2.1\Lista2.1.csproj", "{8E74CF64-4C40-4D6B-B1F0-09C0C71A373F}"
EndProject
Project("{FAE04EC0-301F-11D3-BF4B-00C04F79EFBC}") = "Ćwiczenie2", "Ćwiczenie2\Ćwiczenie2.csproj", "{F5C4A8E2-7BF8-4CAC-8926-B2C61009DA09}"
EndProject
Global
	GlobalSection(SolutionConfigurationPlatforms) = preSolution
		Debug|Any CPU = Debug|Any CPU
		Release|Any CPU = Release|Any CPU
	EndGlobalSection
	GlobalSection(ProjectConfigurationPlatforms) = postSolution
		{79B9D307-44E9-46CB-8DDF-D90139FBB79A}.Debug|Any CPU.ActiveCfg = Debug|Any CPU
		{79B9D307-44E9-46CB-8DDF-D90139FBB79A}.Debug|Any CPU.Build.0 = Debug|Any CPU
		{79B9D307-44E9-46CB-8DDF-D90139FBB79A}.Release|Any CPU.ActiveCfg = Release|Any CPU
		{79B9D307-44E9-46CB-8DDF-D90139FBB79A}.Release|Any CPU.Build.0 = Release|Any CPU
		{23ACF861-2C6D-41AB-B21D-433111419318}.Debug|Any CPU.ActiveCfg = Debug|Any CPU
		{23ACF861-2C6D-41AB-B21D-433111419318}.Debug|Any CPU.Build.0 = Debug|Any CPU
		{23ACF861-2C6D-41AB-B21D-433111419318}.Release|Any CPU.ActiveCfg = Release|Any CPU
		{23ACF861-2C6D-41AB-B21D-433111419318}.Release|Any CPU.Build.0 = Release|Any CPU
		{4E6967C0-8C99-43FF-822B-603192D60C11}.Debug|Any CPU.ActiveCfg = Debug|Any CPU
		{4E6967C0-8C99-43FF-822B-603192D60C11}.Debug|Any CPU.Build.0 = Debug|Any CPU
		{4E6967C0-8C99-43FF-822B-603192D60C11}.Release|Any CPU.ActiveCfg = Release|Any CPU
		{4E6967C0-8C99-43FF-822B-603192D60C11}.Release|Any CPU.Build.0 = Release|Any CPU
		{8E74CF64-4C40-4D6B-B1F0-09C0C71A373F}.Debug|Any CPU.ActiveCfg = Debug|Any CPU
		{8E74CF64-4C40-4D6B-B1F0-09C0C71A373F}.Debug|Any CPU.Build.0 = Debug|Any CPU
		{8E74CF64-4C40-4D6B-B1F0-09C0C71A373F}.Release|Any CPU.ActiveCfg = Release|Any CPU
		{8E74CF64-4C40-4D6B-B1F0-09C0C71A373F}.Release|Any CPU.Build.0 = Release|Any CPU
		{F5C4A8E2-7BF8-4CAC-8926-B2C61009DA09}.Debug|Any CPU.ActiveCfg = Debug|Any CPU
		{F5C4A8E2-7BF8-4CAC-8926-B2C61009DA09}.Debug|Any CPU.Build.0 = Debug|Any CPU
		{F5C4A8E2-7BF8-4CAC-8926-B2C61009DA09}.Release|Any CPU.ActiveCfg = Release|Any CPU
		{F5C4A8E2-7BF8-4CAC-8926-B2C61009DA09}.Release|Any CPU.Build.0 = Release|Any CPU
	EndGlobalSection
	GlobalSection(SolutionProperties) = preSolution
		HideSolutionNode = FALSE
	EndGlobalSection
EndGlobal
