
Microsoft Visual Studio Solution File, Format Version 12.00
# Visual Studio Version 17
VisualStudioVersion = 17.8.34330.188
MinimumVisualStudioVersion = 10.0.40219.1
Project("{9A19103F-16F7-4668-BE54-9A1E7A4F7556}") = "Lista2", "Lista2\Lista2.csproj", "{79B9D307-44E9-46CB-8DDF-D90139FBB79A}"
EndProject
Project("{FAE04EC0-301F-11D3-BF4B-00C04F79EFBC}") = "Wyjątki", "Wyjątki\Wyjątki.csproj", "{23ACF861-2C6D-41AB-B21D-433111419318}"
EndProject
Global
	GlobalSection(SolutionConfigurationPlatforms) = preSolution
		Debug|Any CPU = Debug|Any CPU
		Release|Any CPU = Release|Any CPU
	EndGlobalSection
	GlobalSection(ProjectConfigurationPlatforms) = postSolution
		{79B9D307-44E9-46CB-8DDF-D90139FBB79A}.Debug|Any CPU.ActiveCfg = Debug|Any CPU
		{79B9D307-44E9-46CB-8DDF-D90139FBB79A}.Debug|Any CPU.Build.0 = Debug|Any CPU
		{79B9D307-44E9-46CB-8DDF-D90139FBB79A}.Release|Any CPU.ActiveCfg = Release|Any CPU
		{79B9D307-44E9-46CB-8DDF-D90139FBB79A}.Release|Any CPU.Build.0 = Release|Any CPU
		{23ACF861-2C6D-41AB-B21D-433111419318}.Debug|Any CPU.ActiveCfg = Debug|Any CPU
		{23ACF861-2C6D-41AB-B21D-433111419318}.Debug|Any CPU.Build.0 = Debug|Any CPU
		{23ACF861-2C6D-41AB-B21D-433111419318}.Release|Any CPU.ActiveCfg = Release|Any CPU
		{23ACF861-2C6D-41AB-B21D-433111419318}.Release|Any CPU.Build.0 = Release|Any CPU
	EndGlobalSection
	GlobalSection(SolutionProperties) = preSolution
		HideSolutionNode = FALSE
	EndGlobalSection
EndGlobal
