
Microsoft Visual Studio Solution File, Format Version 12.00
Project("{FAE04EC0-301F-11D3-BF4B-00C04F79EFBC}") = "Lista2", "Lista2\Lista2.csproj", "{79B9D307-44E9-46CB-8DDF-D90139FBB79A}"
EndProject
Global
	GlobalSection(SolutionConfigurationPlatforms) = preSolution
		Debug|Any CPU = Debug|Any CPU
		Release|Any CPU = Release|Any CPU
	EndGlobalSection
	GlobalSection(ProjectConfigurationPlatforms) = postSolution
		{79B9D307-44E9-46CB-8DDF-D90139FBB79A}.Debug|Any CPU.ActiveCfg = Debug|Any CPU
		{79B9D307-44E9-46CB-8DDF-D90139FBB79A}.Debug|Any CPU.Build.0 = Debug|Any CPU
		{79B9D307-44E9-46CB-8DDF-D90139FBB79A}.Release|Any CPU.ActiveCfg = Release|Any CPU
		{79B9D307-44E9-46CB-8DDF-D90139FBB79A}.Release|Any CPU.Build.0 = Release|Any CPU
	EndGlobalSection
EndGlobal
