
Microsoft Visual Studio Solution File, Format Version 12.00
Project("{FAE04EC0-301F-11D3-BF4B-00C04F79EFBC}") = "Zadanie 4-1", "Zadanie 4-1\Zadanie 4-1.csproj", "{D5C5ACBD-E960-4BE7-B0A0-5BFE6010A0E2}"
EndProject
Project("{FAE04EC0-301F-11D3-BF4B-00C04F79EFBC}") = "Zadanie 4-2", "Zadanie 4-2\Zadanie 4-2.csproj", "{770A9DF4-A3F5-48AA-A843-79EB9976FA4E}"
EndProject
Project("{FAE04EC0-301F-11D3-BF4B-00C04F79EFBC}") = "Zadanie 4-3", "Zadanie 4-3\Zadanie 4-3.csproj", "{6C8931AA-7311-4591-805A-17D2741E6F96}"
EndProject
Project("{FAE04EC0-301F-11D3-BF4B-00C04F79EFBC}") = "Zadanie 4-4", "Zadanie 4-4\Zadanie 4-4.csproj", "{89E83328-778F-4C9F-A20B-EE536AB652F2}"
EndProject
Project("{FAE04EC0-301F-11D3-BF4B-00C04F79EFBC}") = "Zadanie 4-5", "Zadanie 4-5\Zadanie 4-5.csproj", "{420CF489-83E4-4D87-928B-787B8381DFC0}"
EndProject
Project("{FAE04EC0-301F-11D3-BF4B-00C04F79EFBC}") = "Zadanie 4-6", "Zadanie 4-6\Zadanie 4-6.csproj", "{8FC280A3-54DA-4DCB-9C18-BB5210FC10D5}"
EndProject
Project("{FAE04EC0-301F-11D3-BF4B-00C04F79EFBC}") = "Zadanie 4-7", "Zadanie 4-7\Zadanie 4-7.csproj", "{1427972A-EDB3-4321-9B85-34EC48BCC1DB}"
EndProject
Project("{FAE04EC0-301F-11D3-BF4B-00C04F79EFBC}") = "Zadanie 4-8", "Zadanie 4-8\Zadanie 4-8.csproj", "{73BEF322-5631-40D1-BD49-B346C3404A7D}"
EndProject
Project("{FAE04EC0-301F-11D3-BF4B-00C04F79EFBC}") = "Zadanie 4-9", "Zadanie 4-9\Zadanie 4-9.csproj", "{C61CB5D1-52B7-4DD5-9179-2E0C79A09891}"
EndProject
Project("{FAE04EC0-301F-11D3-BF4B-00C04F79EFBC}") = "zadanie 4-10", "zadanie 4-10\zadanie 4-10.csproj", "{65DAA388-A4A1-422C-AACB-C0726D5F1DBB}"
EndProject
Project("{FAE04EC0-301F-11D3-BF4B-00C04F79EFBC}") = "Zadanie 4-11", "Zadanie 4-11\Zadanie 4-11.csproj", "{1E075BAA-DE4B-4D90-AB3A-450B2F57AB70}"
EndProject
Project("{FAE04EC0-301F-11D3-BF4B-00C04F79EFBC}") = "Zadanie 4-12", "Zadanie 4-12\Zadanie 4-12.csproj", "{730C7FAC-29EB-4F40-8E71-62F22D90BBC0}"
EndProject
Project("{FAE04EC0-301F-11D3-BF4B-00C04F79EFBC}") = "Zadanie 4-13", "Zadanie 4-13\Zadanie 4-13.csproj", "{75436C80-2830-4E9A-B489-D9B4A1655DB5}"
EndProject
Project("{FAE04EC0-301F-11D3-BF4B-00C04F79EFBC}") = "Zadanie 4-14", "Zadanie 4-14\Zadanie 4-14.csproj", "{4D986604-99A0-4EED-AED7-8A652DBFEAF8}"
EndProject
Global
	GlobalSection(SolutionConfigurationPlatforms) = preSolution
		Debug|Any CPU = Debug|Any CPU
		Release|Any CPU = Release|Any CPU
	EndGlobalSection
	GlobalSection(ProjectConfigurationPlatforms) = postSolution
		{D5C5ACBD-E960-4BE7-B0A0-5BFE6010A0E2}.Debug|Any CPU.ActiveCfg = Debug|Any CPU
		{D5C5ACBD-E960-4BE7-B0A0-5BFE6010A0E2}.Debug|Any CPU.Build.0 = Debug|Any CPU
		{D5C5ACBD-E960-4BE7-B0A0-5BFE6010A0E2}.Release|Any CPU.ActiveCfg = Release|Any CPU
		{D5C5ACBD-E960-4BE7-B0A0-5BFE6010A0E2}.Release|Any CPU.Build.0 = Release|Any CPU
		{770A9DF4-A3F5-48AA-A843-79EB9976FA4E}.Debug|Any CPU.ActiveCfg = Debug|Any CPU
		{770A9DF4-A3F5-48AA-A843-79EB9976FA4E}.Debug|Any CPU.Build.0 = Debug|Any CPU
		{770A9DF4-A3F5-48AA-A843-79EB9976FA4E}.Release|Any CPU.ActiveCfg = Release|Any CPU
		{770A9DF4-A3F5-48AA-A843-79EB9976FA4E}.Release|Any CPU.Build.0 = Release|Any CPU
		{6C8931AA-7311-4591-805A-17D2741E6F96}.Debug|Any CPU.ActiveCfg = Debug|Any CPU
		{6C8931AA-7311-4591-805A-17D2741E6F96}.Debug|Any CPU.Build.0 = Debug|Any CPU
		{6C8931AA-7311-4591-805A-17D2741E6F96}.Release|Any CPU.ActiveCfg = Release|Any CPU
		{6C8931AA-7311-4591-805A-17D2741E6F96}.Release|Any CPU.Build.0 = Release|Any CPU
		{89E83328-778F-4C9F-A20B-EE536AB652F2}.Debug|Any CPU.ActiveCfg = Debug|Any CPU
		{89E83328-778F-4C9F-A20B-EE536AB652F2}.Debug|Any CPU.Build.0 = Debug|Any CPU
		{89E83328-778F-4C9F-A20B-EE536AB652F2}.Release|Any CPU.ActiveCfg = Release|Any CPU
		{89E83328-778F-4C9F-A20B-EE536AB652F2}.Release|Any CPU.Build.0 = Release|Any CPU
		{420CF489-83E4-4D87-928B-787B8381DFC0}.Debug|Any CPU.ActiveCfg = Debug|Any CPU
		{420CF489-83E4-4D87-928B-787B8381DFC0}.Debug|Any CPU.Build.0 = Debug|Any CPU
		{420CF489-83E4-4D87-928B-787B8381DFC0}.Release|Any CPU.ActiveCfg = Release|Any CPU
		{420CF489-83E4-4D87-928B-787B8381DFC0}.Release|Any CPU.Build.0 = Release|Any CPU
		{8FC280A3-54DA-4DCB-9C18-BB5210FC10D5}.Debug|Any CPU.ActiveCfg = Debug|Any CPU
		{8FC280A3-54DA-4DCB-9C18-BB5210FC10D5}.Debug|Any CPU.Build.0 = Debug|Any CPU
		{8FC280A3-54DA-4DCB-9C18-BB5210FC10D5}.Release|Any CPU.ActiveCfg = Release|Any CPU
		{8FC280A3-54DA-4DCB-9C18-BB5210FC10D5}.Release|Any CPU.Build.0 = Release|Any CPU
		{1427972A-EDB3-4321-9B85-34EC48BCC1DB}.Debug|Any CPU.ActiveCfg = Debug|Any CPU
		{1427972A-EDB3-4321-9B85-34EC48BCC1DB}.Debug|Any CPU.Build.0 = Debug|Any CPU
		{1427972A-EDB3-4321-9B85-34EC48BCC1DB}.Release|Any CPU.ActiveCfg = Release|Any CPU
		{1427972A-EDB3-4321-9B85-34EC48BCC1DB}.Release|Any CPU.Build.0 = Release|Any CPU
		{73BEF322-5631-40D1-BD49-B346C3404A7D}.Debug|Any CPU.ActiveCfg = Debug|Any CPU
		{73BEF322-5631-40D1-BD49-B346C3404A7D}.Debug|Any CPU.Build.0 = Debug|Any CPU
		{73BEF322-5631-40D1-BD49-B346C3404A7D}.Release|Any CPU.ActiveCfg = Release|Any CPU
		{73BEF322-5631-40D1-BD49-B346C3404A7D}.Release|Any CPU.Build.0 = Release|Any CPU
		{C61CB5D1-52B7-4DD5-9179-2E0C79A09891}.Debug|Any CPU.ActiveCfg = Debug|Any CPU
		{C61CB5D1-52B7-4DD5-9179-2E0C79A09891}.Debug|Any CPU.Build.0 = Debug|Any CPU
		{C61CB5D1-52B7-4DD5-9179-2E0C79A09891}.Release|Any CPU.ActiveCfg = Release|Any CPU
		{C61CB5D1-52B7-4DD5-9179-2E0C79A09891}.Release|Any CPU.Build.0 = Release|Any CPU
		{65DAA388-A4A1-422C-AACB-C0726D5F1DBB}.Debug|Any CPU.ActiveCfg = Debug|Any CPU
		{65DAA388-A4A1-422C-AACB-C0726D5F1DBB}.Debug|Any CPU.Build.0 = Debug|Any CPU
		{65DAA388-A4A1-422C-AACB-C0726D5F1DBB}.Release|Any CPU.ActiveCfg = Release|Any CPU
		{65DAA388-A4A1-422C-AACB-C0726D5F1DBB}.Release|Any CPU.Build.0 = Release|Any CPU
		{1E075BAA-DE4B-4D90-AB3A-450B2F57AB70}.Debug|Any CPU.ActiveCfg = Debug|Any CPU
		{1E075BAA-DE4B-4D90-AB3A-450B2F57AB70}.Debug|Any CPU.Build.0 = Debug|Any CPU
		{1E075BAA-DE4B-4D90-AB3A-450B2F57AB70}.Release|Any CPU.ActiveCfg = Release|Any CPU
		{1E075BAA-DE4B-4D90-AB3A-450B2F57AB70}.Release|Any CPU.Build.0 = Release|Any CPU
		{730C7FAC-29EB-4F40-8E71-62F22D90BBC0}.Debug|Any CPU.ActiveCfg = Debug|Any CPU
		{730C7FAC-29EB-4F40-8E71-62F22D90BBC0}.Debug|Any CPU.Build.0 = Debug|Any CPU
		{730C7FAC-29EB-4F40-8E71-62F22D90BBC0}.Release|Any CPU.ActiveCfg = Release|Any CPU
		{730C7FAC-29EB-4F40-8E71-62F22D90BBC0}.Release|Any CPU.Build.0 = Release|Any CPU
		{75436C80-2830-4E9A-B489-D9B4A1655DB5}.Debug|Any CPU.ActiveCfg = Debug|Any CPU
		{75436C80-2830-4E9A-B489-D9B4A1655DB5}.Debug|Any CPU.Build.0 = Debug|Any CPU
		{75436C80-2830-4E9A-B489-D9B4A1655DB5}.Release|Any CPU.ActiveCfg = Release|Any CPU
		{75436C80-2830-4E9A-B489-D9B4A1655DB5}.Release|Any CPU.Build.0 = Release|Any CPU
		{4D986604-99A0-4EED-AED7-8A652DBFEAF8}.Debug|Any CPU.ActiveCfg = Debug|Any CPU
		{4D986604-99A0-4EED-AED7-8A652DBFEAF8}.Debug|Any CPU.Build.0 = Debug|Any CPU
		{4D986604-99A0-4EED-AED7-8A652DBFEAF8}.Release|Any CPU.ActiveCfg = Release|Any CPU
		{4D986604-99A0-4EED-AED7-8A652DBFEAF8}.Release|Any CPU.Build.0 = Release|Any CPU
	EndGlobalSection
EndGlobal
