
Microsoft Visual Studio Solution File, Format Version 12.00
Project("{FAE04EC0-301F-11D3-BF4B-00C04F79EFBC}") = "Zadanie 3-1", "Zadanie 3-1\Zadanie 3-1.csproj", "{B2321026-1D22-4F4E-BF89-062B7B4D603D}"
EndProject
Project("{FAE04EC0-301F-11D3-BF4B-00C04F79EFBC}") = "Zadanie 3-2", "Zadanie 3-2\Zadanie 3-2.csproj", "{D38F5407-91F4-4152-B5CD-2A8FA84C3B16}"
EndProject
Project("{FAE04EC0-301F-11D3-BF4B-00C04F79EFBC}") = "Zadanie 3-3", "Zadanie 3-3\Zadanie 3-3.csproj", "{FB59C63C-2A36-4739-8B64-49A9F7808E13}"
EndProject
Project("{FAE04EC0-301F-11D3-BF4B-00C04F79EFBC}") = "Zadanie 3-4", "Zadanie 3-4\Zadanie 3-4.csproj", "{96050C10-1214-464B-9F80-E036B6A9F0AD}"
EndProject
Project("{FAE04EC0-301F-11D3-BF4B-00C04F79EFBC}") = "Zadanie 3-5", "Zadanie 3-5\Zadanie 3-5.csproj", "{41D6A75D-5188-491E-B8E2-F7872E990247}"
EndProject
Project("{FAE04EC0-301F-11D3-BF4B-00C04F79EFBC}") = "Zadanie 3-6", "Zadanie 3-6\Zadanie 3-6.csproj", "{BB2FD1E6-94DC-4202-B6D6-C0EAFDEF5002}"
EndProject
Project("{FAE04EC0-301F-11D3-BF4B-00C04F79EFBC}") = "Zadanie 3-7", "Zadanie 3-7\Zadanie 3-7.csproj", "{FEE8B8C0-A93E-456F-BE62-11495B2F329E}"
EndProject
Project("{FAE04EC0-301F-11D3-BF4B-00C04F79EFBC}") = "Zadanie 3-8", "Zadanie 3-8\Zadanie 3-8.csproj", "{84C370DE-ACCF-4B99-A4ED-4DEC575CA2D7}"
EndProject
Project("{FAE04EC0-301F-11D3-BF4B-00C04F79EFBC}") = "Zadanie 3-9", "Zadanie 3-9\Zadanie 3-9.csproj", "{D17EDDAC-34D3-4BB8-A196-9E75C4B2AD2D}"
EndProject
Project("{FAE04EC0-301F-11D3-BF4B-00C04F79EFBC}") = "Zadanie 3-10", "Zadanie 3-10\Zadanie 3-10.csproj", "{DD527141-FF39-49B4-8397-DC933FC632FA}"
EndProject
Project("{FAE04EC0-301F-11D3-BF4B-00C04F79EFBC}") = "Zadanie 3-11", "Zadanie 3-11\Zadanie 3-11.csproj", "{2377ECD4-C781-4A40-9469-836202D113CF}"
EndProject
Project("{FAE04EC0-301F-11D3-BF4B-00C04F79EFBC}") = "Zadanie 3-12", "Zadanie 3-12\Zadanie 3-12.csproj", "{CA06F79A-FDB5-453A-9F8C-1BA28A8C5D05}"
EndProject
Project("{FAE04EC0-301F-11D3-BF4B-00C04F79EFBC}") = "Zadanie 3-13", "Zadanie 3-13\Zadanie 3-13.csproj", "{BB976F4B-8E1F-49DD-9C67-1D08739FB60E}"
EndProject
Global
	GlobalSection(SolutionConfigurationPlatforms) = preSolution
		Debug|Any CPU = Debug|Any CPU
		Release|Any CPU = Release|Any CPU
	EndGlobalSection
	GlobalSection(ProjectConfigurationPlatforms) = postSolution
		{B2321026-1D22-4F4E-BF89-062B7B4D603D}.Debug|Any CPU.ActiveCfg = Debug|Any CPU
		{B2321026-1D22-4F4E-BF89-062B7B4D603D}.Debug|Any CPU.Build.0 = Debug|Any CPU
		{B2321026-1D22-4F4E-BF89-062B7B4D603D}.Release|Any CPU.ActiveCfg = Release|Any CPU
		{B2321026-1D22-4F4E-BF89-062B7B4D603D}.Release|Any CPU.Build.0 = Release|Any CPU
		{D38F5407-91F4-4152-B5CD-2A8FA84C3B16}.Debug|Any CPU.ActiveCfg = Debug|Any CPU
		{D38F5407-91F4-4152-B5CD-2A8FA84C3B16}.Debug|Any CPU.Build.0 = Debug|Any CPU
		{D38F5407-91F4-4152-B5CD-2A8FA84C3B16}.Release|Any CPU.ActiveCfg = Release|Any CPU
		{D38F5407-91F4-4152-B5CD-2A8FA84C3B16}.Release|Any CPU.Build.0 = Release|Any CPU
		{FB59C63C-2A36-4739-8B64-49A9F7808E13}.Debug|Any CPU.ActiveCfg = Debug|Any CPU
		{FB59C63C-2A36-4739-8B64-49A9F7808E13}.Debug|Any CPU.Build.0 = Debug|Any CPU
		{FB59C63C-2A36-4739-8B64-49A9F7808E13}.Release|Any CPU.ActiveCfg = Release|Any CPU
		{FB59C63C-2A36-4739-8B64-49A9F7808E13}.Release|Any CPU.Build.0 = Release|Any CPU
		{96050C10-1214-464B-9F80-E036B6A9F0AD}.Debug|Any CPU.ActiveCfg = Debug|Any CPU
		{96050C10-1214-464B-9F80-E036B6A9F0AD}.Debug|Any CPU.Build.0 = Debug|Any CPU
		{96050C10-1214-464B-9F80-E036B6A9F0AD}.Release|Any CPU.ActiveCfg = Release|Any CPU
		{96050C10-1214-464B-9F80-E036B6A9F0AD}.Release|Any CPU.Build.0 = Release|Any CPU
		{41D6A75D-5188-491E-B8E2-F7872E990247}.Debug|Any CPU.ActiveCfg = Debug|Any CPU
		{41D6A75D-5188-491E-B8E2-F7872E990247}.Debug|Any CPU.Build.0 = Debug|Any CPU
		{41D6A75D-5188-491E-B8E2-F7872E990247}.Release|Any CPU.ActiveCfg = Release|Any CPU
		{41D6A75D-5188-491E-B8E2-F7872E990247}.Release|Any CPU.Build.0 = Release|Any CPU
		{BB2FD1E6-94DC-4202-B6D6-C0EAFDEF5002}.Debug|Any CPU.ActiveCfg = Debug|Any CPU
		{BB2FD1E6-94DC-4202-B6D6-C0EAFDEF5002}.Debug|Any CPU.Build.0 = Debug|Any CPU
		{BB2FD1E6-94DC-4202-B6D6-C0EAFDEF5002}.Release|Any CPU.ActiveCfg = Release|Any CPU
		{BB2FD1E6-94DC-4202-B6D6-C0EAFDEF5002}.Release|Any CPU.Build.0 = Release|Any CPU
		{FEE8B8C0-A93E-456F-BE62-11495B2F329E}.Debug|Any CPU.ActiveCfg = Debug|Any CPU
		{FEE8B8C0-A93E-456F-BE62-11495B2F329E}.Debug|Any CPU.Build.0 = Debug|Any CPU
		{FEE8B8C0-A93E-456F-BE62-11495B2F329E}.Release|Any CPU.ActiveCfg = Release|Any CPU
		{FEE8B8C0-A93E-456F-BE62-11495B2F329E}.Release|Any CPU.Build.0 = Release|Any CPU
		{84C370DE-ACCF-4B99-A4ED-4DEC575CA2D7}.Debug|Any CPU.ActiveCfg = Debug|Any CPU
		{84C370DE-ACCF-4B99-A4ED-4DEC575CA2D7}.Debug|Any CPU.Build.0 = Debug|Any CPU
		{84C370DE-ACCF-4B99-A4ED-4DEC575CA2D7}.Release|Any CPU.ActiveCfg = Release|Any CPU
		{84C370DE-ACCF-4B99-A4ED-4DEC575CA2D7}.Release|Any CPU.Build.0 = Release|Any CPU
		{D17EDDAC-34D3-4BB8-A196-9E75C4B2AD2D}.Debug|Any CPU.ActiveCfg = Debug|Any CPU
		{D17EDDAC-34D3-4BB8-A196-9E75C4B2AD2D}.Debug|Any CPU.Build.0 = Debug|Any CPU
		{D17EDDAC-34D3-4BB8-A196-9E75C4B2AD2D}.Release|Any CPU.ActiveCfg = Release|Any CPU
		{D17EDDAC-34D3-4BB8-A196-9E75C4B2AD2D}.Release|Any CPU.Build.0 = Release|Any CPU
		{DD527141-FF39-49B4-8397-DC933FC632FA}.Debug|Any CPU.ActiveCfg = Debug|Any CPU
		{DD527141-FF39-49B4-8397-DC933FC632FA}.Debug|Any CPU.Build.0 = Debug|Any CPU
		{DD527141-FF39-49B4-8397-DC933FC632FA}.Release|Any CPU.ActiveCfg = Release|Any CPU
		{DD527141-FF39-49B4-8397-DC933FC632FA}.Release|Any CPU.Build.0 = Release|Any CPU
		{2377ECD4-C781-4A40-9469-836202D113CF}.Debug|Any CPU.ActiveCfg = Debug|Any CPU
		{2377ECD4-C781-4A40-9469-836202D113CF}.Debug|Any CPU.Build.0 = Debug|Any CPU
		{2377ECD4-C781-4A40-9469-836202D113CF}.Release|Any CPU.ActiveCfg = Release|Any CPU
		{2377ECD4-C781-4A40-9469-836202D113CF}.Release|Any CPU.Build.0 = Release|Any CPU
		{CA06F79A-FDB5-453A-9F8C-1BA28A8C5D05}.Debug|Any CPU.ActiveCfg = Debug|Any CPU
		{CA06F79A-FDB5-453A-9F8C-1BA28A8C5D05}.Debug|Any CPU.Build.0 = Debug|Any CPU
		{CA06F79A-FDB5-453A-9F8C-1BA28A8C5D05}.Release|Any CPU.ActiveCfg = Release|Any CPU
		{CA06F79A-FDB5-453A-9F8C-1BA28A8C5D05}.Release|Any CPU.Build.0 = Release|Any CPU
		{BB976F4B-8E1F-49DD-9C67-1D08739FB60E}.Debug|Any CPU.ActiveCfg = Debug|Any CPU
		{BB976F4B-8E1F-49DD-9C67-1D08739FB60E}.Debug|Any CPU.Build.0 = Debug|Any CPU
		{BB976F4B-8E1F-49DD-9C67-1D08739FB60E}.Release|Any CPU.ActiveCfg = Release|Any CPU
		{BB976F4B-8E1F-49DD-9C67-1D08739FB60E}.Release|Any CPU.Build.0 = Release|Any CPU
	EndGlobalSection
EndGlobal
