
Microsoft Visual Studio Solution File, Format Version 12.00
Project("{FAE04EC0-301F-11D3-BF4B-00C04F79EFBC}") = "listy", "listy\listy.csproj", "{D646C6F0-8BC5-43FA-AA43-3F6C0110C52E}"
EndProject
Global
	GlobalSection(SolutionConfigurationPlatforms) = preSolution
		Debug|Any CPU = Debug|Any CPU
		Release|Any CPU = Release|Any CPU
	EndGlobalSection
	GlobalSection(ProjectConfigurationPlatforms) = postSolution
		{D646C6F0-8BC5-43FA-AA43-3F6C0110C52E}.Debug|Any CPU.ActiveCfg = Debug|Any CPU
		{D646C6F0-8BC5-43FA-AA43-3F6C0110C52E}.Debug|Any CPU.Build.0 = Debug|Any CPU
		{D646C6F0-8BC5-43FA-AA43-3F6C0110C52E}.Release|Any CPU.ActiveCfg = Release|Any CPU
		{D646C6F0-8BC5-43FA-AA43-3F6C0110C52E}.Release|Any CPU.Build.0 = Release|Any CPU
	EndGlobalSection
EndGlobal
